
Microsoft Visual Studio Solution File, Format Version 12.00
# Visual Studio Version 16
VisualStudioVersion = 16.0.31112.23
MinimumVisualStudioVersion = 10.0.40219.1
Project("{FAE04EC0-301F-11D3-BF4B-00C04F79EFBC}") = "OMDB", "OMDB\OMDB.csproj", "{6E6EB59F-3E5D-4DFA-BD14-8792E4BC35CF}"
EndProject
Global
	GlobalSection(SolutionConfigurationPlatforms) = preSolution
		Debug|Any CPU = Debug|Any CPU
		Release|Any CPU = Release|Any CPU
	EndGlobalSection
	GlobalSection(ProjectConfigurationPlatforms) = postSolution
		{6E6EB59F-3E5D-4DFA-BD14-8792E4BC35CF}.Debug|Any CPU.ActiveCfg = Debug|Any CPU
		{6E6EB59F-3E5D-4DFA-BD14-8792E4BC35CF}.Debug|Any CPU.Build.0 = Debug|Any CPU
		{6E6EB59F-3E5D-4DFA-BD14-8792E4BC35CF}.Release|Any CPU.ActiveCfg = Release|Any CPU
		{6E6EB59F-3E5D-4DFA-BD14-8792E4BC35CF}.Release|Any CPU.Build.0 = Release|Any CPU
	EndGlobalSection
	GlobalSection(SolutionProperties) = preSolution
		HideSolutionNode = FALSE
	EndGlobalSection
	GlobalSection(ExtensibilityGlobals) = postSolution
		SolutionGuid = {5E94377E-9BEA-465F-9277-A1D54DAD34FE}
	EndGlobalSection
EndGlobal
