
Microsoft Visual Studio Solution File, Format Version 12.00
# Visual Studio Version 16
VisualStudioVersion = 16.0.31112.23
MinimumVisualStudioVersion = 10.0.40219.1
Project("{FAE04EC0-301F-11D3-BF4B-00C04F79EFBC}") = "Console Fonts", "Console Fonts\Console Fonts.csproj", "{C23C7F19-E00B-4311-A2A4-1CB097BB5EB8}"
EndProject
Global
	GlobalSection(SolutionConfigurationPlatforms) = preSolution
		Debug|Any CPU = Debug|Any CPU
		Release|Any CPU = Release|Any CPU
	EndGlobalSection
	GlobalSection(ProjectConfigurationPlatforms) = postSolution
		{C23C7F19-E00B-4311-A2A4-1CB097BB5EB8}.Debug|Any CPU.ActiveCfg = Debug|Any CPU
		{C23C7F19-E00B-4311-A2A4-1CB097BB5EB8}.Debug|Any CPU.Build.0 = Debug|Any CPU
		{C23C7F19-E00B-4311-A2A4-1CB097BB5EB8}.Release|Any CPU.ActiveCfg = Release|Any CPU
		{C23C7F19-E00B-4311-A2A4-1CB097BB5EB8}.Release|Any CPU.Build.0 = Release|Any CPU
	EndGlobalSection
	GlobalSection(SolutionProperties) = preSolution
		HideSolutionNode = FALSE
	EndGlobalSection
	GlobalSection(ExtensibilityGlobals) = postSolution
		SolutionGuid = {8693D17F-7D28-4616-8659-3BDC61956276}
	EndGlobalSection
EndGlobal
