
Microsoft Visual Studio Solution File, Format Version 12.00
# Visual Studio Version 16
VisualStudioVersion = 16.0.31112.23
MinimumVisualStudioVersion = 10.0.40219.1
Project("{FAE04EC0-301F-11D3-BF4B-00C04F79EFBC}") = "EfMvcDbFirst", "EfMvcDbFirst\EfMvcDbFirst.csproj", "{C1FF7CB7-A81F-449E-A22C-A95DFA133DB9}"
EndProject
Global
	GlobalSection(SolutionConfigurationPlatforms) = preSolution
		Debug|Any CPU = Debug|Any CPU
		Release|Any CPU = Release|Any CPU
	EndGlobalSection
	GlobalSection(ProjectConfigurationPlatforms) = postSolution
		{C1FF7CB7-A81F-449E-A22C-A95DFA133DB9}.Debug|Any CPU.ActiveCfg = Debug|Any CPU
		{C1FF7CB7-A81F-449E-A22C-A95DFA133DB9}.Debug|Any CPU.Build.0 = Debug|Any CPU
		{C1FF7CB7-A81F-449E-A22C-A95DFA133DB9}.Release|Any CPU.ActiveCfg = Release|Any CPU
		{C1FF7CB7-A81F-449E-A22C-A95DFA133DB9}.Release|Any CPU.Build.0 = Release|Any CPU
	EndGlobalSection
	GlobalSection(SolutionProperties) = preSolution
		HideSolutionNode = FALSE
	EndGlobalSection
	GlobalSection(ExtensibilityGlobals) = postSolution
		SolutionGuid = {14DE7A3B-5C23-46FC-9682-807F49F5E9FE}
	EndGlobalSection
EndGlobal
