
Microsoft Visual Studio Solution File, Format Version 12.00
# Visual Studio Version 16
VisualStudioVersion = 16.0.31112.23
MinimumVisualStudioVersion = 10.0.40219.1
Project("{FAE04EC0-301F-11D3-BF4B-00C04F79EFBC}") = "SingletonLecture", "SingletonLecture\SingletonLecture.csproj", "{5E6E1F3E-6323-471D-B7E6-83F4994C5939}"
EndProject
Global
	GlobalSection(SolutionConfigurationPlatforms) = preSolution
		Debug|Any CPU = Debug|Any CPU
		Release|Any CPU = Release|Any CPU
	EndGlobalSection
	GlobalSection(ProjectConfigurationPlatforms) = postSolution
		{5E6E1F3E-6323-471D-B7E6-83F4994C5939}.Debug|Any CPU.ActiveCfg = Debug|Any CPU
		{5E6E1F3E-6323-471D-B7E6-83F4994C5939}.Debug|Any CPU.Build.0 = Debug|Any CPU
		{5E6E1F3E-6323-471D-B7E6-83F4994C5939}.Release|Any CPU.ActiveCfg = Release|Any CPU
		{5E6E1F3E-6323-471D-B7E6-83F4994C5939}.Release|Any CPU.Build.0 = Release|Any CPU
	EndGlobalSection
	GlobalSection(SolutionProperties) = preSolution
		HideSolutionNode = FALSE
	EndGlobalSection
	GlobalSection(ExtensibilityGlobals) = postSolution
		SolutionGuid = {674F5DF6-B327-4F2E-B766-E2CD807341A9}
	EndGlobalSection
EndGlobal
