
Microsoft Visual Studio Solution File, Format Version 12.00
# Visual Studio Version 16
VisualStudioVersion = 16.0.31112.23
MinimumVisualStudioVersion = 10.0.40219.1
Project("{FAE04EC0-301F-11D3-BF4B-00C04F79EFBC}") = "efMvcDemo", "efMvcDemo\efMvcDemo.csproj", "{98912644-2E57-4A22-958E-2DA8405C39C9}"
EndProject
Global
	GlobalSection(SolutionConfigurationPlatforms) = preSolution
		Debug|Any CPU = Debug|Any CPU
		Release|Any CPU = Release|Any CPU
	EndGlobalSection
	GlobalSection(ProjectConfigurationPlatforms) = postSolution
		{98912644-2E57-4A22-958E-2DA8405C39C9}.Debug|Any CPU.ActiveCfg = Debug|Any CPU
		{98912644-2E57-4A22-958E-2DA8405C39C9}.Debug|Any CPU.Build.0 = Debug|Any CPU
		{98912644-2E57-4A22-958E-2DA8405C39C9}.Release|Any CPU.ActiveCfg = Release|Any CPU
		{98912644-2E57-4A22-958E-2DA8405C39C9}.Release|Any CPU.Build.0 = Release|Any CPU
	EndGlobalSection
	GlobalSection(SolutionProperties) = preSolution
		HideSolutionNode = FALSE
	EndGlobalSection
	GlobalSection(ExtensibilityGlobals) = postSolution
		SolutionGuid = {F7150A4A-E0C4-462C-AD4B-4371618FDBD3}
	EndGlobalSection
EndGlobal
