
Microsoft Visual Studio Solution File, Format Version 12.00
# Visual Studio Version 16
VisualStudioVersion = 16.0.31112.23
MinimumVisualStudioVersion = 10.0.40219.1
Project("{FAE04EC0-301F-11D3-BF4B-00C04F79EFBC}") = "BankOOP", "BankOOP\BankOOP.csproj", "{2F94D00E-25EF-422C-9F0F-C07388C1959A}"
EndProject
Global
	GlobalSection(SolutionConfigurationPlatforms) = preSolution
		Debug|Any CPU = Debug|Any CPU
		Release|Any CPU = Release|Any CPU
	EndGlobalSection
	GlobalSection(ProjectConfigurationPlatforms) = postSolution
		{2F94D00E-25EF-422C-9F0F-C07388C1959A}.Debug|Any CPU.ActiveCfg = Debug|Any CPU
		{2F94D00E-25EF-422C-9F0F-C07388C1959A}.Debug|Any CPU.Build.0 = Debug|Any CPU
		{2F94D00E-25EF-422C-9F0F-C07388C1959A}.Release|Any CPU.ActiveCfg = Release|Any CPU
		{2F94D00E-25EF-422C-9F0F-C07388C1959A}.Release|Any CPU.Build.0 = Release|Any CPU
	EndGlobalSection
	GlobalSection(SolutionProperties) = preSolution
		HideSolutionNode = FALSE
	EndGlobalSection
	GlobalSection(ExtensibilityGlobals) = postSolution
		SolutionGuid = {621E26A3-8B55-4C6B-B486-B963ACBA8626}
	EndGlobalSection
EndGlobal
