
Microsoft Visual Studio Solution File, Format Version 12.00
# Visual Studio Version 16
VisualStudioVersion = 16.0.31112.23
MinimumVisualStudioVersion = 10.0.40219.1
Project("{FAE04EC0-301F-11D3-BF4B-00C04F79EFBC}") = "CoffeeShop", "CoffeeShop\CoffeeShop.csproj", "{4985D19B-01A3-4E0D-A47E-BBFB58AFD392}"
EndProject
Global
	GlobalSection(SolutionConfigurationPlatforms) = preSolution
		Debug|Any CPU = Debug|Any CPU
		Release|Any CPU = Release|Any CPU
	EndGlobalSection
	GlobalSection(ProjectConfigurationPlatforms) = postSolution
		{4985D19B-01A3-4E0D-A47E-BBFB58AFD392}.Debug|Any CPU.ActiveCfg = Debug|Any CPU
		{4985D19B-01A3-4E0D-A47E-BBFB58AFD392}.Debug|Any CPU.Build.0 = Debug|Any CPU
		{4985D19B-01A3-4E0D-A47E-BBFB58AFD392}.Release|Any CPU.ActiveCfg = Release|Any CPU
		{4985D19B-01A3-4E0D-A47E-BBFB58AFD392}.Release|Any CPU.Build.0 = Release|Any CPU
	EndGlobalSection
	GlobalSection(SolutionProperties) = preSolution
		HideSolutionNode = FALSE
	EndGlobalSection
	GlobalSection(ExtensibilityGlobals) = postSolution
		SolutionGuid = {610C7F55-9387-41B8-83F5-A1A0D669F5E1}
	EndGlobalSection
EndGlobal
