
Microsoft Visual Studio Solution File, Format Version 12.00
# Visual Studio Version 16
VisualStudioVersion = 16.0.31112.23
MinimumVisualStudioVersion = 10.0.40219.1
Project("{FAE04EC0-301F-11D3-BF4B-00C04F79EFBC}") = "TestLecture", "TestLecture\TestLecture.csproj", "{CD7CAA34-7428-4C4D-B1F6-8F5F1AF4E34B}"
EndProject
Project("{FAE04EC0-301F-11D3-BF4B-00C04F79EFBC}") = "ConsoleApp1", "ConsoleApp1\ConsoleApp1.csproj", "{C0145EEF-5A30-4832-A4D0-37BEF51D24BC}"
EndProject
Global
	GlobalSection(SolutionConfigurationPlatforms) = preSolution
		Debug|Any CPU = Debug|Any CPU
		Release|Any CPU = Release|Any CPU
	EndGlobalSection
	GlobalSection(ProjectConfigurationPlatforms) = postSolution
		{CD7CAA34-7428-4C4D-B1F6-8F5F1AF4E34B}.Debug|Any CPU.ActiveCfg = Debug|Any CPU
		{CD7CAA34-7428-4C4D-B1F6-8F5F1AF4E34B}.Debug|Any CPU.Build.0 = Debug|Any CPU
		{CD7CAA34-7428-4C4D-B1F6-8F5F1AF4E34B}.Release|Any CPU.ActiveCfg = Release|Any CPU
		{CD7CAA34-7428-4C4D-B1F6-8F5F1AF4E34B}.Release|Any CPU.Build.0 = Release|Any CPU
		{C0145EEF-5A30-4832-A4D0-37BEF51D24BC}.Debug|Any CPU.ActiveCfg = Debug|Any CPU
		{C0145EEF-5A30-4832-A4D0-37BEF51D24BC}.Debug|Any CPU.Build.0 = Debug|Any CPU
		{C0145EEF-5A30-4832-A4D0-37BEF51D24BC}.Release|Any CPU.ActiveCfg = Release|Any CPU
		{C0145EEF-5A30-4832-A4D0-37BEF51D24BC}.Release|Any CPU.Build.0 = Release|Any CPU
	EndGlobalSection
	GlobalSection(SolutionProperties) = preSolution
		HideSolutionNode = FALSE
	EndGlobalSection
	GlobalSection(ExtensibilityGlobals) = postSolution
		SolutionGuid = {A350E513-9B91-441B-9358-5C77CC9ACEAC}
	EndGlobalSection
EndGlobal
