
Microsoft Visual Studio Solution File, Format Version 12.00
# Visual Studio Version 16
VisualStudioVersion = 16.0.31112.23
MinimumVisualStudioVersion = 10.0.40219.1
Project("{FAE04EC0-301F-11D3-BF4B-00C04F79EFBC}") = "ASP Lecture", "ASP Lecture\ASP Lecture.csproj", "{1D88F1C3-6ABB-42C8-8CA1-732FBEC4A7D1}"
EndProject
Global
	GlobalSection(SolutionConfigurationPlatforms) = preSolution
		Debug|Any CPU = Debug|Any CPU
		Release|Any CPU = Release|Any CPU
	EndGlobalSection
	GlobalSection(ProjectConfigurationPlatforms) = postSolution
		{1D88F1C3-6ABB-42C8-8CA1-732FBEC4A7D1}.Debug|Any CPU.ActiveCfg = Debug|Any CPU
		{1D88F1C3-6ABB-42C8-8CA1-732FBEC4A7D1}.Debug|Any CPU.Build.0 = Debug|Any CPU
		{1D88F1C3-6ABB-42C8-8CA1-732FBEC4A7D1}.Release|Any CPU.ActiveCfg = Release|Any CPU
		{1D88F1C3-6ABB-42C8-8CA1-732FBEC4A7D1}.Release|Any CPU.Build.0 = Release|Any CPU
	EndGlobalSection
	GlobalSection(SolutionProperties) = preSolution
		HideSolutionNode = FALSE
	EndGlobalSection
	GlobalSection(ExtensibilityGlobals) = postSolution
		SolutionGuid = {E179DC54-8E4F-46E8-92B0-4EF93A0203F1}
	EndGlobalSection
EndGlobal
