
Microsoft Visual Studio Solution File, Format Version 12.00
# Visual Studio Version 16
VisualStudioVersion = 16.0.31112.23
MinimumVisualStudioVersion = 10.0.40219.1
Project("{FAE04EC0-301F-11D3-BF4B-00C04F79EFBC}") = "OOPShop", "OOPShop\OOPShop.csproj", "{D0F50ABE-EBA3-4781-ABAE-48886181E611}"
EndProject
Global
	GlobalSection(SolutionConfigurationPlatforms) = preSolution
		Debug|Any CPU = Debug|Any CPU
		Release|Any CPU = Release|Any CPU
	EndGlobalSection
	GlobalSection(ProjectConfigurationPlatforms) = postSolution
		{D0F50ABE-EBA3-4781-ABAE-48886181E611}.Debug|Any CPU.ActiveCfg = Debug|Any CPU
		{D0F50ABE-EBA3-4781-ABAE-48886181E611}.Debug|Any CPU.Build.0 = Debug|Any CPU
		{D0F50ABE-EBA3-4781-ABAE-48886181E611}.Release|Any CPU.ActiveCfg = Release|Any CPU
		{D0F50ABE-EBA3-4781-ABAE-48886181E611}.Release|Any CPU.Build.0 = Release|Any CPU
	EndGlobalSection
	GlobalSection(SolutionProperties) = preSolution
		HideSolutionNode = FALSE
	EndGlobalSection
	GlobalSection(ExtensibilityGlobals) = postSolution
		SolutionGuid = {FB8AE9DE-2019-4258-858E-43087813504F}
	EndGlobalSection
EndGlobal
