
Microsoft Visual Studio Solution File, Format Version 12.00
# Visual Studio Version 16
VisualStudioVersion = 16.0.31112.23
MinimumVisualStudioVersion = 10.0.40219.1
Project("{FAE04EC0-301F-11D3-BF4B-00C04F79EFBC}") = "CircleLab", "CircleLab\CircleLab.csproj", "{DDABDB73-089B-461E-AF61-E79CFE496BFE}"
EndProject
Global
	GlobalSection(SolutionConfigurationPlatforms) = preSolution
		Debug|Any CPU = Debug|Any CPU
		Release|Any CPU = Release|Any CPU
	EndGlobalSection
	GlobalSection(ProjectConfigurationPlatforms) = postSolution
		{DDABDB73-089B-461E-AF61-E79CFE496BFE}.Debug|Any CPU.ActiveCfg = Debug|Any CPU
		{DDABDB73-089B-461E-AF61-E79CFE496BFE}.Debug|Any CPU.Build.0 = Debug|Any CPU
		{DDABDB73-089B-461E-AF61-E79CFE496BFE}.Release|Any CPU.ActiveCfg = Release|Any CPU
		{DDABDB73-089B-461E-AF61-E79CFE496BFE}.Release|Any CPU.Build.0 = Release|Any CPU
	EndGlobalSection
	GlobalSection(SolutionProperties) = preSolution
		HideSolutionNode = FALSE
	EndGlobalSection
	GlobalSection(ExtensibilityGlobals) = postSolution
		SolutionGuid = {2A198CEA-F849-485F-99DC-A22AAFF2A768}
	EndGlobalSection
EndGlobal
