
Microsoft Visual Studio Solution File, Format Version 12.00
# Visual Studio Version 16
VisualStudioVersion = 16.0.31112.23
MinimumVisualStudioVersion = 10.0.40219.1
Project("{FAE04EC0-301F-11D3-BF4B-00C04F79EFBC}") = "Day1Lecture", "Day1Lecture\Day1Lecture.csproj", "{7AF2D85C-8391-4970-906D-0F49924E847C}"
EndProject
Global
	GlobalSection(SolutionConfigurationPlatforms) = preSolution
		Debug|Any CPU = Debug|Any CPU
		Release|Any CPU = Release|Any CPU
	EndGlobalSection
	GlobalSection(ProjectConfigurationPlatforms) = postSolution
		{7AF2D85C-8391-4970-906D-0F49924E847C}.Debug|Any CPU.ActiveCfg = Debug|Any CPU
		{7AF2D85C-8391-4970-906D-0F49924E847C}.Debug|Any CPU.Build.0 = Debug|Any CPU
		{7AF2D85C-8391-4970-906D-0F49924E847C}.Release|Any CPU.ActiveCfg = Release|Any CPU
		{7AF2D85C-8391-4970-906D-0F49924E847C}.Release|Any CPU.Build.0 = Release|Any CPU
	EndGlobalSection
	GlobalSection(SolutionProperties) = preSolution
		HideSolutionNode = FALSE
	EndGlobalSection
	GlobalSection(ExtensibilityGlobals) = postSolution
		SolutionGuid = {B20D6A5B-2BAA-46B8-A97A-458819FFB033}
	EndGlobalSection
EndGlobal
