
Microsoft Visual Studio Solution File, Format Version 12.00
# Visual Studio Version 16
VisualStudioVersion = 16.0.31112.23
MinimumVisualStudioVersion = 10.0.40219.1
Project("{FAE04EC0-301F-11D3-BF4B-00C04F79EFBC}") = "DeckOfCards", "DeckOfCards\DeckOfCards.csproj", "{70FAC1DD-5EA6-43ED-8B2F-EF4C6489DC47}"
EndProject
Global
	GlobalSection(SolutionConfigurationPlatforms) = preSolution
		Debug|Any CPU = Debug|Any CPU
		Release|Any CPU = Release|Any CPU
	EndGlobalSection
	GlobalSection(ProjectConfigurationPlatforms) = postSolution
		{70FAC1DD-5EA6-43ED-8B2F-EF4C6489DC47}.Debug|Any CPU.ActiveCfg = Debug|Any CPU
		{70FAC1DD-5EA6-43ED-8B2F-EF4C6489DC47}.Debug|Any CPU.Build.0 = Debug|Any CPU
		{70FAC1DD-5EA6-43ED-8B2F-EF4C6489DC47}.Release|Any CPU.ActiveCfg = Release|Any CPU
		{70FAC1DD-5EA6-43ED-8B2F-EF4C6489DC47}.Release|Any CPU.Build.0 = Release|Any CPU
	EndGlobalSection
	GlobalSection(SolutionProperties) = preSolution
		HideSolutionNode = FALSE
	EndGlobalSection
	GlobalSection(ExtensibilityGlobals) = postSolution
		SolutionGuid = {CF6F9827-A179-44CE-96F4-6EC9B5C804C2}
	EndGlobalSection
EndGlobal
